
Microsoft Visual Studio Solution File, Format Version 12.00
# Visual Studio Version 16
VisualStudioVersion = 16.0.32510.428
MinimumVisualStudioVersion = 10.0.40219.1
Project("{9A19103F-16F7-4668-BE54-9A1E7A4F7556}") = "InterviewRESTfulEndPoint", "InterviewRESTfulEndPoint\InterviewRESTfulEndPoint.csproj", "{BAB39287-D5B1-48F5-8A25-63B0D7269B78}"
EndProject
Project("{9A19103F-16F7-4668-BE54-9A1E7A4F7556}") = "InterviewRESTfulEndPoint.Services", "InterviewRESTfulEndPoint.Services\InterviewRESTfulEndPoint.Services.csproj", "{8847F4B8-DD40-4CBB-B5A4-B3F69F7258B0}"
EndProject
Project("{9A19103F-16F7-4668-BE54-9A1E7A4F7556}") = "InterviewRESTfulEndPoint.Tests", "InterviewRESTfulEndPoint.Tests\InterviewRESTfulEndPoint.Tests.csproj", "{1118A4B3-FA5E-4FE1-8893-50D72F315ABC}"
EndProject
Project("{9A19103F-16F7-4668-BE54-9A1E7A4F7556}") = "InterviewRESTfulEndPoint.Models", "InterviewRESTfulEndPoint.Models\InterviewRESTfulEndPoint.Models.csproj", "{3648BE0C-B3A7-4D12-A02A-76C80BBD95F9}"
EndProject
Project("{FAE04EC0-301F-11D3-BF4B-00C04F79EFBC}") = "FibonacciLib", "FibonacciLib\FibonacciLib.csproj", "{C9218F86-6B04-4AB2-AE0D-770213A0B341}"
EndProject
Project("{FAE04EC0-301F-11D3-BF4B-00C04F79EFBC}") = "FibonacciLib.Tests", "FibonacciLib.Tests\FibonacciLib.Tests.csproj", "{1F782E80-05CF-4391-A2D5-A049D7C47D3A}"
EndProject
Project("{FAE04EC0-301F-11D3-BF4B-00C04F79EFBC}") = "ParkingLotLib", "ParkingLotLib\ParkingLotLib.csproj", "{AC9E5B8B-71CA-47A4-ACF3-1E992BCEC269}"
EndProject
Global
	GlobalSection(SolutionConfigurationPlatforms) = preSolution
		Debug|Any CPU = Debug|Any CPU
		Release|Any CPU = Release|Any CPU
	EndGlobalSection
	GlobalSection(ProjectConfigurationPlatforms) = postSolution
		{BAB39287-D5B1-48F5-8A25-63B0D7269B78}.Debug|Any CPU.ActiveCfg = Debug|Any CPU
		{BAB39287-D5B1-48F5-8A25-63B0D7269B78}.Debug|Any CPU.Build.0 = Debug|Any CPU
		{BAB39287-D5B1-48F5-8A25-63B0D7269B78}.Release|Any CPU.ActiveCfg = Release|Any CPU
		{BAB39287-D5B1-48F5-8A25-63B0D7269B78}.Release|Any CPU.Build.0 = Release|Any CPU
		{8847F4B8-DD40-4CBB-B5A4-B3F69F7258B0}.Debug|Any CPU.ActiveCfg = Debug|Any CPU
		{8847F4B8-DD40-4CBB-B5A4-B3F69F7258B0}.Debug|Any CPU.Build.0 = Debug|Any CPU
		{8847F4B8-DD40-4CBB-B5A4-B3F69F7258B0}.Release|Any CPU.ActiveCfg = Release|Any CPU
		{8847F4B8-DD40-4CBB-B5A4-B3F69F7258B0}.Release|Any CPU.Build.0 = Release|Any CPU
		{1118A4B3-FA5E-4FE1-8893-50D72F315ABC}.Debug|Any CPU.ActiveCfg = Debug|Any CPU
		{1118A4B3-FA5E-4FE1-8893-50D72F315ABC}.Debug|Any CPU.Build.0 = Debug|Any CPU
		{1118A4B3-FA5E-4FE1-8893-50D72F315ABC}.Release|Any CPU.ActiveCfg = Release|Any CPU
		{1118A4B3-FA5E-4FE1-8893-50D72F315ABC}.Release|Any CPU.Build.0 = Release|Any CPU
		{3648BE0C-B3A7-4D12-A02A-76C80BBD95F9}.Debug|Any CPU.ActiveCfg = Debug|Any CPU
		{3648BE0C-B3A7-4D12-A02A-76C80BBD95F9}.Debug|Any CPU.Build.0 = Debug|Any CPU
		{3648BE0C-B3A7-4D12-A02A-76C80BBD95F9}.Release|Any CPU.ActiveCfg = Release|Any CPU
		{3648BE0C-B3A7-4D12-A02A-76C80BBD95F9}.Release|Any CPU.Build.0 = Release|Any CPU
		{C9218F86-6B04-4AB2-AE0D-770213A0B341}.Debug|Any CPU.ActiveCfg = Debug|Any CPU
		{C9218F86-6B04-4AB2-AE0D-770213A0B341}.Debug|Any CPU.Build.0 = Debug|Any CPU
		{C9218F86-6B04-4AB2-AE0D-770213A0B341}.Release|Any CPU.ActiveCfg = Release|Any CPU
		{C9218F86-6B04-4AB2-AE0D-770213A0B341}.Release|Any CPU.Build.0 = Release|Any CPU
		{1F782E80-05CF-4391-A2D5-A049D7C47D3A}.Debug|Any CPU.ActiveCfg = Debug|Any CPU
		{1F782E80-05CF-4391-A2D5-A049D7C47D3A}.Debug|Any CPU.Build.0 = Debug|Any CPU
		{1F782E80-05CF-4391-A2D5-A049D7C47D3A}.Release|Any CPU.ActiveCfg = Release|Any CPU
		{1F782E80-05CF-4391-A2D5-A049D7C47D3A}.Release|Any CPU.Build.0 = Release|Any CPU
		{AC9E5B8B-71CA-47A4-ACF3-1E992BCEC269}.Debug|Any CPU.ActiveCfg = Debug|Any CPU
		{AC9E5B8B-71CA-47A4-ACF3-1E992BCEC269}.Debug|Any CPU.Build.0 = Debug|Any CPU
		{AC9E5B8B-71CA-47A4-ACF3-1E992BCEC269}.Release|Any CPU.ActiveCfg = Release|Any CPU
		{AC9E5B8B-71CA-47A4-ACF3-1E992BCEC269}.Release|Any CPU.Build.0 = Release|Any CPU
	EndGlobalSection
	GlobalSection(SolutionProperties) = preSolution
		HideSolutionNode = FALSE
	EndGlobalSection
	GlobalSection(ExtensibilityGlobals) = postSolution
		SolutionGuid = {465238AC-0FB3-4711-9F0F-3AE9069001F1}
	EndGlobalSection
EndGlobal
